PODS:
  - Alamofire (5.1.0)
  - Moya (14.0.0):
    - Moya/Core (= 14.0.0)
  - Moya/Core (14.0.0):
    - Alamofire (~> 5.0)
  - SQLite.swift (0.12.2):
    - SQLite.swift/standard (= 0.12.2)
  - SQLite.swift/standard (0.12.2)

DEPENDENCIES:
  - Moya (~> 14.0)
  - SQLite.swift

SPEC REPOS:
  trunk:
    - Alamofire
    - Moya
    - SQLite.swift

SPEC CHECKSUMS:
  Alamofire: 9d5c5f602928e512395b30950c5984eca840093c
  Moya: 5b45dacb75adb009f97fde91c204c1e565d31916
  SQLite.swift: d2b4642190917051ce6bd1d49aab565fe794eea3

PODFILE CHECKSUM: 6b050c746604bd5e8a094f7366185b77caf1a6ff

COCOAPODS: 1.8.4
